// !$*UTF8*$!
{
	archiveVersion = 1;
	classes = {
	};
	objectVersion = 46;
	objects = {

/* Begin PBXBuildFile section */
		4EB0D8861C579FFD00398C35 /* main.m in Sources */ = {isa = PBXBuildFile; fileRef = 4EB0D8851C579FFD00398C35 /* main.m */; };
		4EB0D8891C579FFD00398C35 /* AppDelegate.m in Sources */ = {isa = PBXBuildFile; fileRef = 4EB0D8881C579FFD00398C35 /* AppDelegate.m */; };
		4EB0D88F1C579FFD00398C35 /* Main.storyboard in Resources */ = {isa = PBXBuildFile; fileRef = 4EB0D88D1C579FFD00398C35 /* Main.storyboard */; };
		4EB0D8911C579FFD00398C35 /* Assets.xcassets in Resources */ = {isa = PBXBuildFile; fileRef = 4EB0D8901C579FFD00398C35 /* Assets.xcassets */; };
		4EB0D8941C579FFD00398C35 /* LaunchScreen.storyboard in Resources */ = {isa = PBXBuildFile; fileRef = 4EB0D8921C579FFD00398C35 /* LaunchScreen.storyboard */; };
		4EB0D89F1C579FFD00398C35 /* tableViewTests.m in Sources */ = {isa = PBXBuildFile; fileRef = 4EB0D89E1C579FFD00398C35 /* tableViewTests.m */; };
		4EB0D8AA1C579FFD00398C35 /* tableViewUITests.m in Sources */ = {isa = PBXBuildFile; fileRef = 4EB0D8A91C579FFD00398C35 /* tableViewUITests.m */; };
		4EB0D8B91C57A31100398C35 /* TableViewController.m in Sources */ = {isa = PBXBuildFile; fileRef = 4EB0D8B81C57A31100398C35 /* TableViewController.m */; };
		4EB0D8BC1C57A37400398C35 /* TableViewCell.m in Sources */ = {isa = PBXBuildFile; fileRef = 4EB0D8BB1C57A37400398C35 /* TableViewCell.m */; };
		4EB0D8C41C57A52700398C35 /* BoraBoraThaiti.jpg in Resources */ = {isa = PBXBuildFile; fileRef = 4EB0D8BE1C57A52700398C35 /* BoraBoraThaiti.jpg */; };
		4EB0D8C61C57A52700398C35 /* laDigue.jpg in Resources */ = {isa = PBXBuildFile; fileRef = 4EB0D8C01C57A52700398C35 /* laDigue.jpg */; };
		4EB0D8C71C57A52700398C35 /* Malibu.jpg in Resources */ = {isa = PBXBuildFile; fileRef = 4EB0D8C11C57A52700398C35 /* Malibu.jpg */; };
		4EB0D8C81C57A52700398C35 /* tavarua_fiji.jpg in Resources */ = {isa = PBXBuildFile; fileRef = 4EB0D8C21C57A52700398C35 /* tavarua_fiji.jpg */; };
		4EB0D8C91C57A52700398C35 /* theMaldives.jpg in Resources */ = {isa = PBXBuildFile; fileRef = 4EB0D8C31C57A52700398C35 /* theMaldives.jpg */; };
		4EB0D8CC1C57B2D600398C35 /* DetailViewController.m in Sources */ = {isa = PBXBuildFile; fileRef = 4EB0D8CB1C57B2D600398C35 /* DetailViewController.m */; };
		4EE6C0671C57E9AC0019A285 /* lauchScreen.jpg in Resources */ = {isa = PBXBuildFile; fileRef = 4EE6C0661C57E9AC0019A285 /* lauchScreen.jpg */; };
		4EE6C0701C580CB20019A285 /* TableViewHeader.m in Sources */ = {isa = PBXBuildFile; fileRef = 4EE6C06F1C580CB20019A285 /* TableViewHeader.m */; };
		4EE6C07A1C58122A0019A285 /* lauchScreen_header.jpg in Resources */ = {isa = PBXBuildFile; fileRef = 4EE6C0771C58122A0019A285 /* lauchScreen_header.jpg */; };
		4EE6C07B1C58122A0019A285 /* lauchScreen_header@2x.jpg in Resources */ = {isa = PBXBuildFile; fileRef = 4EE6C0781C58122A0019A285 /* lauchScreen_header@2x.jpg */; };
		4EE6C07C1C58122A0019A285 /* lauchScreen_header@3x.jpg in Resources */ = {isa = PBXBuildFile; fileRef = 4EE6C0791C58122A0019A285 /* lauchScreen_header@3x.jpg */; };
/* End PBXBuildFile section */

/* Begin PBXContainerItemProxy section */
		4EB0D89B1C579FFD00398C35 /* PBXContainerItemProxy */ = {
			isa = PBXContainerItemProxy;
			containerPortal = 4EB0D8791C579FFD00398C35 /* Project object */;
			proxyType = 1;
			remoteGlobalIDString = 4EB0D8801C579FFD00398C35;
			remoteInfo = tableView;
		};
		4EB0D8A61C579FFD00398C35 /* PBXContainerItemProxy */ = {
			isa = PBXContainerItemProxy;
			containerPortal = 4EB0D8791C579FFD00398C35 /* Project object */;
			proxyType = 1;
			remoteGlobalIDString = 4EB0D8801C579FFD00398C35;
			remoteInfo = tableView;
		};
/* End PBXContainerItemProxy section */

/* Begin PBXFileReference section */
		4EB0D8811C579FFD00398C35 /* tableView.app */ = {isa = PBXFileReference; explicitFileType = wrapper.application; includeInIndex = 0; path = tableView.app; sourceTree = BUILT_PRODUCTS_DIR; };
		4EB0D8851C579FFD00398C35 /* main.m */ = {isa = PBXFileReference; lastKnownFileType = sourcecode.c.objc; path = main.m; sourceTree = "<group>"; };
		4EB0D8871C579FFD00398C35 /* AppDelegate.h */ = {isa = PBXFileReference; lastKnownFileType = sourcecode.c.h; path = AppDelegate.h; sourceTree = "<group>"; };
		4EB0D8881C579FFD00398C35 /* AppDelegate.m */ = {isa = PBXFileReference; lastKnownFileType = sourcecode.c.objc; path = AppDelegate.m; sourceTree = "<group>"; };
		4EB0D88E1C579FFD00398C35 /* Base */ = {isa = PBXFileReference; lastKnownFileType = file.storyboard; name = Base; path = Base.lproj/Main.storyboard; sourceTree = "<group>"; };
		4EB0D8901C579FFD00398C35 /* Assets.xcassets */ = {isa = PBXFileReference; lastKnownFileType = folder.assetcatalog; path = Assets.xcassets; sourceTree = "<group>"; };
		4EB0D8931C579FFD00398C35 /* Base */ = {isa = PBXFileReference; lastKnownFileType = file.storyboard; name = Base; path = Base.lproj/LaunchScreen.storyboard; sourceTree = "<group>"; };
		4EB0D8951C579FFD00398C35 /* Info.plist */ = {isa = PBXFileReference; lastKnownFileType = text.plist.xml; path = Info.plist; sourceTree = "<group>"; };
		4EB0D89A1C579FFD00398C35 /* tableViewTests.xctest */ = {isa = PBXFileReference; explicitFileType = wrapper.cfbundle; includeInIndex = 0; path = tableViewTests.xctest; sourceTree = BUILT_PRODUCTS_DIR; };
		4EB0D89E1C579FFD00398C35 /* tableViewTests.m */ = {isa = PBXFileReference; lastKnownFileType = sourcecode.c.objc; path = tableViewTests.m; sourceTree = "<group>"; };
		4EB0D8A01C579FFD00398C35 /* Info.plist */ = {isa = PBXFileReference; lastKnownFileType = text.plist.xml; path = Info.plist; sourceTree = "<group>"; };
		4EB0D8A51C579FFD00398C35 /* tableViewUITests.xctest */ = {isa = PBXFileReference; explicitFileType = wrapper.cfbundle; includeInIndex = 0; path = tableViewUITests.xctest; sourceTree = BUILT_PRODUCTS_DIR; };
		4EB0D8A91C579FFD00398C35 /* tableViewUITests.m */ = {isa = PBXFileReference; lastKnownFileType = sourcecode.c.objc; path = tableViewUITests.m; sourceTree = "<group>"; };
		4EB0D8AB1C579FFD00398C35 /* Info.plist */ = {isa = PBXFileReference; lastKnownFileType = text.plist.xml; path = Info.plist; sourceTree = "<group>"; };
		4EB0D8B71C57A31100398C35 /* TableViewController.h */ = {isa = PBXFileReference; fileEncoding = 4; lastKnownFileType = sourcecode.c.h; path = TableViewController.h; sourceTree = "<group>"; };
		4EB0D8B81C57A31100398C35 /* TableViewController.m */ = {isa = PBXFileReference; fileEncoding = 4; lastKnownFileType = sourcecode.c.objc; path = TableViewController.m; sourceTree = "<group>"; };
		4EB0D8BA1C57A37400398C35 /* TableViewCell.h */ = {isa = PBXFileReference; fileEncoding = 4; lastKnownFileType = sourcecode.c.h; path = TableViewCell.h; sourceTree = "<group>"; };
		4EB0D8BB1C57A37400398C35 /* TableViewCell.m */ = {isa = PBXFileReference; fileEncoding = 4; lastKnownFileType = sourcecode.c.objc; path = TableViewCell.m; sourceTree = "<group>"; };
		4EB0D8BE1C57A52700398C35 /* BoraBoraThaiti.jpg */ = {isa = PBXFileReference; lastKnownFileType = image.jpeg; path = BoraBoraThaiti.jpg; sourceTree = "<group>"; };
		4EB0D8C01C57A52700398C35 /* laDigue.jpg */ = {isa = PBXFileReference; lastKnownFileType = image.jpeg; path = laDigue.jpg; sourceTree = "<group>"; };
		4EB0D8C11C57A52700398C35 /* Malibu.jpg */ = {isa = PBXFileReference; lastKnownFileType = image.jpeg; path = Malibu.jpg; sourceTree = "<group>"; };
		4EB0D8C21C57A52700398C35 /* tavarua_fiji.jpg */ = {isa = PBXFileReference; lastKnownFileType = image.jpeg; path = tavarua_fiji.jpg; sourceTree = "<group>"; };
		4EB0D8C31C57A52700398C35 /* theMaldives.jpg */ = {isa = PBXFileReference; lastKnownFileType = image.jpeg; path = theMaldives.jpg; sourceTree = "<group>"; };
		4EB0D8CA1C57B2D600398C35 /* DetailViewController.h */ = {isa = PBXFileReference; fileEncoding = 4; lastKnownFileType = sourcecode.c.h; path = DetailViewController.h; sourceTree = "<group>"; };
		4EB0D8CB1C57B2D600398C35 /* DetailViewController.m */ = {isa = PBXFileReference; fileEncoding = 4; lastKnownFileType = sourcecode.c.objc; path = DetailViewController.m; sourceTree = "<group>"; };
		4EE6C0661C57E9AC0019A285 /* lauchScreen.jpg */ = {isa = PBXFileReference; lastKnownFileType = image.jpeg; path = lauchScreen.jpg; sourceTree = "<group>"; };
		4EE6C06E1C580CB20019A285 /* TableViewHeader.h */ = {isa = PBXFileReference; fileEncoding = 4; lastKnownFileType = sourcecode.c.h; path = TableViewHeader.h; sourceTree = "<group>"; };
		4EE6C06F1C580CB20019A285 /* TableViewHeader.m */ = {isa = PBXFileReference; fileEncoding = 4; lastKnownFileType = sourcecode.c.objc; path = TableViewHeader.m; sourceTree = "<group>"; };
		4EE6C0771C58122A0019A285 /* lauchScreen_header.jpg */ = {isa = PBXFileReference; lastKnownFileType = image.jpeg; path = lauchScreen_header.jpg; sourceTree = "<group>"; };
		4EE6C0781C58122A0019A285 /* lauchScreen_header@2x.jpg */ = {isa = PBXFileReference; lastKnownFileType = image.jpeg; path = "lauchScreen_header@2x.jpg"; sourceTree = "<group>"; };
		4EE6C0791C58122A0019A285 /* lauchScreen_header@3x.jpg */ = {isa = PBXFileReference; lastKnownFileType = image.jpeg; path = "lauchScreen_header@3x.jpg"; sourceTree = "<group>"; };
/* End PBXFileReference section */

/* Begin PBXFrameworksBuildPhase section */
		4EB0D87E1C579FFD00398C35 /* Frameworks */ = {
			isa = PBXFrameworksBuildPhase;
			buildActionMask = 2147483647;
			files = (
			);
			runOnlyForDeploymentPostprocessing = 0;
		};
		4EB0D8971C579FFD00398C35 /* Frameworks */ = {
			isa = PBXFrameworksBuildPhase;
			buildActionMask = 2147483647;
			files = (
			);
			runOnlyForDeploymentPostprocessing = 0;
		};
		4EB0D8A21C579FFD00398C35 /* Frameworks */ = {
			isa = PBXFrameworksBuildPhase;
			buildActionMask = 2147483647;
			files = (
			);
			runOnlyForDeploymentPostprocessing = 0;
		};
/* End PBXFrameworksBuildPhase section */

/* Begin PBXGroup section */
		4EB0D8781C579FFD00398C35 = {
			isa = PBXGroup;
			children = (
				4EB0D8831C579FFD00398C35 /* tableView */,
				4EB0D89D1C579FFD00398C35 /* tableViewTests */,
				4EB0D8A81C579FFD00398C35 /* tableViewUITests */,
				4EB0D8821C579FFD00398C35 /* Products */,
			);
			sourceTree = "<group>";
		};
		4EB0D8821C579FFD00398C35 /* Products */ = {
			isa = PBXGroup;
			children = (
				4EB0D8811C579FFD00398C35 /* tableView.app */,
				4EB0D89A1C579FFD00398C35 /* tableViewTests.xctest */,
				4EB0D8A51C579FFD00398C35 /* tableViewUITests.xctest */,
			);
			name = Products;
			sourceTree = "<group>";
		};
		4EB0D8831C579FFD00398C35 /* tableView */ = {
			isa = PBXGroup;
			children = (
				4EB0D8871C579FFD00398C35 /* AppDelegate.h */,
				4EB0D8881C579FFD00398C35 /* AppDelegate.m */,
				4EB0D8B71C57A31100398C35 /* TableViewController.h */,
				4EB0D8B81C57A31100398C35 /* TableViewController.m */,
				4EB0D8BA1C57A37400398C35 /* TableViewCell.h */,
				4EB0D8BB1C57A37400398C35 /* TableViewCell.m */,
				4EB0D8CA1C57B2D600398C35 /* DetailViewController.h */,
				4EB0D8CB1C57B2D600398C35 /* DetailViewController.m */,
				4EE6C06E1C580CB20019A285 /* TableViewHeader.h */,
				4EE6C06F1C580CB20019A285 /* TableViewHeader.m */,
				4EB0D88D1C579FFD00398C35 /* Main.storyboard */,
				4EB0D8901C579FFD00398C35 /* Assets.xcassets */,
				4EB0D8921C579FFD00398C35 /* LaunchScreen.storyboard */,
				4EB0D8951C579FFD00398C35 /* Info.plist */,
				4EB0D8841C579FFD00398C35 /* Supporting Files */,
			);
			path = tableView;
			sourceTree = "<group>";
		};
		4EB0D8841C579FFD00398C35 /* Supporting Files */ = {
			isa = PBXGroup;
			children = (
				4EB0D8BD1C57A52700398C35 /* images */,
				4EB0D8851C579FFD00398C35 /* main.m */,
			);
			name = "Supporting Files";
			sourceTree = "<group>";
		};
		4EB0D89D1C579FFD00398C35 /* tableViewTests */ = {
			isa = PBXGroup;
			children = (
				4EB0D89E1C579FFD00398C35 /* tableViewTests.m */,
				4EB0D8A01C579FFD00398C35 /* Info.plist */,
			);
			path = tableViewTests;
			sourceTree = "<group>";
		};
		4EB0D8A81C579FFD00398C35 /* tableViewUITests */ = {
			isa = PBXGroup;
			children = (
				4EB0D8A91C579FFD00398C35 /* tableViewUITests.m */,
				4EB0D8AB1C579FFD00398C35 /* Info.plist */,
			);
			path = tableViewUITests;
			sourceTree = "<group>";
		};
		4EB0D8BD1C57A52700398C35 /* images */ = {
			isa = PBXGroup;
			children = (
				4EE6C0771C58122A0019A285 /* lauchScreen_header.jpg */,
				4EE6C0781C58122A0019A285 /* lauchScreen_header@2x.jpg */,
				4EE6C0791C58122A0019A285 /* lauchScreen_header@3x.jpg */,
				4EE6C0661C57E9AC0019A285 /* lauchScreen.jpg */,
				4EB0D8BE1C57A52700398C35 /* BoraBoraThaiti.jpg */,
				4EB0D8C01C57A52700398C35 /* laDigue.jpg */,
				4EB0D8C11C57A52700398C35 /* Malibu.jpg */,
				4EB0D8C21C57A52700398C35 /* tavarua_fiji.jpg */,
				4EB0D8C31C57A52700398C35 /* theMaldives.jpg */,
			);
			path = images;
			sourceTree = "<group>";
		};
/* End PBXGroup section */

/* Begin PBXNativeTarget section */
		4EB0D8801C579FFD00398C35 /* tableView */ = {
			isa = PBXNativeTarget;
			buildConfigurationList = 4EB0D8AE1C579FFD00398C35 /* Build configuration list for PBXNativeTarget "tableView" */;
			buildPhases = (
				4EB0D87D1C579FFD00398C35 /* Sources */,
				4EB0D87E1C579FFD00398C35 /* Frameworks */,
				4EB0D87F1C579FFD00398C35 /* Resources */,
			);
			buildRules = (
			);
			dependencies = (
			);
			name = tableView;
			productName = tableView;
			productReference = 4EB0D8811C579FFD00398C35 /* tableView.app */;
			productType = "com.apple.product-type.application";
		};
		4EB0D8991C579FFD00398C35 /* tableViewTests */ = {
			isa = PBXNativeTarget;
			buildConfigurationList = 4EB0D8B11C579FFD00398C35 /* Build configuration list for PBXNativeTarget "tableViewTests" */;
			buildPhases = (
				4EB0D8961C579FFD00398C35 /* Sources */,
				4EB0D8971C579FFD00398C35 /* Frameworks */,
				4EB0D8981C579FFD00398C35 /* Resources */,
			);
			buildRules = (
			);
			dependencies = (
				4EB0D89C1C579FFD00398C35 /* PBXTargetDependency */,
			);
			name = tableViewTests;
			productName = tableViewTests;
			productReference = 4EB0D89A1C579FFD00398C35 /* tableViewTests.xctest */;
			productType = "com.apple.product-type.bundle.unit-test";
		};
		4EB0D8A41C579FFD00398C35 /* tableViewUITests */ = {
			isa = PBXNativeTarget;
			buildConfigurationList = 4EB0D8B41C579FFD00398C35 /* Build configuration list for PBXNativeTarget "tableViewUITests" */;
			buildPhases = (
				4EB0D8A11C579FFD00398C35 /* Sources */,
				4EB0D8A21C579FFD00398C35 /* Frameworks */,
				4EB0D8A31C579FFD00398C35 /* Resources */,
			);
			buildRules = (
			);
			dependencies = (
				4EB0D8A71C579FFD00398C35 /* PBXTargetDependency */,
			);
			name = tableViewUITests;
			productName = tableViewUITests;
			productReference = 4EB0D8A51C579FFD00398C35 /* tableViewUITests.xctest */;
			productType = "com.apple.product-type.bundle.ui-testing";
		};
/* End PBXNativeTarget section */

/* Begin PBXProject section */
		4EB0D8791C579FFD00398C35 /* Project object */ = {
			isa = PBXProject;
			attributes = {
				LastUpgradeCheck = 0720;
				ORGANIZATIONNAME = PamelaPeixinho;
				TargetAttributes = {
					4EB0D8801C579FFD00398C35 = {
						CreatedOnToolsVersion = 7.2;
						DevelopmentTeam = W9M8ZA7S3Y;
					};
					4EB0D8991C579FFD00398C35 = {
						CreatedOnToolsVersion = 7.2;
						DevelopmentTeam = W9M8ZA7S3Y;
						TestTargetID = 4EB0D8801C579FFD00398C35;
					};
					4EB0D8A41C579FFD00398C35 = {
						CreatedOnToolsVersion = 7.2;
						DevelopmentTeam = W9M8ZA7S3Y;
						TestTargetID = 4EB0D8801C579FFD00398C35;
					};
				};
			};
			buildConfigurationList = 4EB0D87C1C579FFD00398C35 /* Build configuration list for PBXProject "tableView" */;
			compatibilityVersion = "Xcode 3.2";
			developmentRegion = English;
			hasScannedForEncodings = 0;
			knownRegions = (
				en,
				Base,
			);
			mainGroup = 4EB0D8781C579FFD00398C35;
			productRefGroup = 4EB0D8821C579FFD00398C35 /* Products */;
			projectDirPath = "";
			projectRoot = "";
			targets = (
				4EB0D8801C579FFD00398C35 /* tableView */,
				4EB0D8991C579FFD00398C35 /* tableViewTests */,
				4EB0D8A41C579FFD00398C35 /* tableViewUITests */,
			);
		};
/* End PBXProject section */

/* Begin PBXResourcesBuildPhase section */
		4EB0D87F1C579FFD00398C35 /* Resources */ = {
			isa = PBXResourcesBuildPhase;
			buildActionMask = 2147483647;
			files = (
				4EE6C07C1C58122A0019A285 /* lauchScreen_header@3x.jpg in Resources */,
				4EE6C0671C57E9AC0019A285 /* lauchScreen.jpg in Resources */,
				4EB0D8C41C57A52700398C35 /* BoraBoraThaiti.jpg in Resources */,
				4EB0D8941C579FFD00398C35 /* LaunchScreen.storyboard in Resources */,
				4EB0D8C61C57A52700398C35 /* laDigue.jpg in Resources */,
				4EB0D8C91C57A52700398C35 /* theMaldives.jpg in Resources */,
				4EE6C07B1C58122A0019A285 /* lauchScreen_header@2x.jpg in Resources */,
				4EB0D8C81C57A52700398C35 /* tavarua_fiji.jpg in Resources */,
				4EE6C07A1C58122A0019A285 /* lauchScreen_header.jpg in Resources */,
				4EB0D8C71C57A52700398C35 /* Malibu.jpg in Resources */,
				4EB0D8911C579FFD00398C35 /* Assets.xcassets in Resources */,
				4EB0D88F1C579FFD00398C35 /* Main.storyboard in Resources */,
			);
			runOnlyForDeploymentPostprocessing = 0;
		};
		4EB0D8981C579FFD00398C35 /* Resources */ = {
			isa = PBXResourcesBuildPhase;
			buildActionMask = 2147483647;
			files = (
			);
			runOnlyForDeploymentPostprocessing = 0;
		};
		4EB0D8A31C579FFD00398C35 /* Resources */ = {
			isa = PBXResourcesBuildPhase;
			buildActionMask = 2147483647;
			files = (
			);
			runOnlyForDeploymentPostprocessing = 0;
		};
/* End PBXResourcesBuildPhase section */

/* Begin PBXSourcesBuildPhase section */
		4EB0D87D1C579FFD00398C35 /* Sources */ = {
			isa = PBXSourcesBuildPhase;
			buildActionMask = 2147483647;
			files = (
				4EB0D8CC1C57B2D600398C35 /* DetailViewController.m in Sources */,
				4EB0D8891C579FFD00398C35 /* AppDelegate.m in Sources */,
				4EE6C0701C580CB20019A285 /* TableViewHeader.m in Sources */,
				4EB0D8BC1C57A37400398C35 /* TableViewCell.m in Sources */,
				4EB0D8B91C57A31100398C35 /* TableViewController.m in Sources */,
				4EB0D8861C579FFD00398C35 /* main.m in Sources */,
			);
			runOnlyForDeploymentPostprocessing = 0;
		};
		4EB0D8961C579FFD00398C35 /* Sources */ = {
			isa = PBXSourcesBuildPhase;
			buildActionMask = 2147483647;
			files = (
				4EB0D89F1C579FFD00398C35 /* tableViewTests.m in Sources */,
			);
			runOnlyForDeploymentPostprocessing = 0;
		};
		4EB0D8A11C579FFD00398C35 /* Sources */ = {
			isa = PBXSourcesBuildPhase;
			buildActionMask = 2147483647;
			files = (
				4EB0D8AA1C579FFD00398C35 /* tableViewUITests.m in Sources */,
			);
			runOnlyForDeploymentPostprocessing = 0;
		};
/* End PBXSourcesBuildPhase section */

/* Begin PBXTargetDependency section */
		4EB0D89C1C579FFD00398C35 /* PBXTargetDependency */ = {
			isa = PBXTargetDependency;
			target = 4EB0D8801C579FFD00398C35 /* tableView */;
			targetProxy = 4EB0D89B1C579FFD00398C35 /* PBXContainerItemProxy */;
		};
		4EB0D8A71C579FFD00398C35 /* PBXTargetDependency */ = {
			isa = PBXTargetDependency;
			target = 4EB0D8801C579FFD00398C35 /* tableView */;
			targetProxy = 4EB0D8A61C579FFD00398C35 /* PBXContainerItemProxy */;
		};
/* End PBXTargetDependency section */

/* Begin PBXVariantGroup section */
		4EB0D88D1C579FFD00398C35 /* Main.storyboard */ = {
			isa = PBXVariantGroup;
			children = (
				4EB0D88E1C579FFD00398C35 /* Base */,
			);
			name = Main.storyboard;
			sourceTree = "<group>";
		};
		4EB0D8921C579FFD00398C35 /* LaunchScreen.storyboard */ = {
			isa = PBXVariantGroup;
			children = (
				4EB0D8931C579FFD00398C35 /* Base */,
			);
			name = LaunchScreen.storyboard;
			sourceTree = "<group>";
		};
/* End PBXVariantGroup section */

/* Begin XCBuildConfiguration section */
		4EB0D8AC1C579FFD00398C35 /* Debug */ = {
			isa = XCBuildConfiguration;
			buildSettings = {
				ALWAYS_SEARCH_USER_PATHS = NO;
				CLANG_CXX_LANGUAGE_STANDARD = "gnu++0x";
				CLANG_CXX_LIBRARY = "libc++";
				CLANG_ENABLE_MODULES = YES;
				CLANG_ENABLE_OBJC_ARC = YES;
				CLANG_WARN_BOOL_CONVERSION = YES;
				CLANG_WARN_CONSTANT_CONVERSION = YES;
				CLANG_WARN_DIRECT_OBJC_ISA_USAGE = YES_ERROR;
				CLANG_WARN_EMPTY_BODY = YES;
				CLANG_WARN_ENUM_CONVERSION = YES;
				CLANG_WARN_INT_CONVERSION = YES;
				CLANG_WARN_OBJC_ROOT_CLASS = YES_ERROR;
				CLANG_WARN_UNREACHABLE_CODE = YES;
				CLANG_WARN__DUPLICATE_METHOD_MATCH = YES;
				"CODE_SIGN_IDENTITY[sdk=iphoneos*]" = "iPhone Developer";
				COPY_PHASE_STRIP = NO;
				DEBUG_INFORMATION_FORMAT = dwarf;
				ENABLE_STRICT_OBJC_MSGSEND = YES;
				ENABLE_TESTABILITY = YES;
				GCC_C_LANGUAGE_STANDARD = gnu99;
				GCC_DYNAMIC_NO_PIC = NO;
				GCC_NO_COMMON_BLOCKS = YES;
				GCC_OPTIMIZATION_LEVEL = 0;
				GCC_PREPROCESSOR_DEFINITIONS = (
					"DEBUG=1",
					"$(inherited)",
				);
				GCC_WARN_64_TO_32_BIT_CONVERSION = YES;
				GCC_WARN_ABOUT_RETURN_TYPE = YES_ERROR;
				GCC_WARN_UNDECLARED_SELECTOR = YES;
				GCC_WARN_UNINITIALIZED_AUTOS = YES_AGGRESSIVE;
				GCC_WARN_UNUSED_FUNCTION = YES;
				GCC_WARN_UNUSED_VARIABLE = YES;
				IPHONEOS_DEPLOYMENT_TARGET = 9.2;
				MTL_ENABLE_DEBUG_INFO = YES;
				ONLY_ACTIVE_ARCH = YES;
				SDKROOT = iphoneos;
				TARGETED_DEVICE_FAMILY = "1,2";
			};
			name = Debug;
		};
		4EB0D8AD1C579FFD00398C35 /* Release */ = {
			isa = XCBuildConfiguration;
			buildSettings = {
				ALWAYS_SEARCH_USER_PATHS = NO;
				CLANG_CXX_LANGUAGE_STANDARD = "gnu++0x";
				CLANG_CXX_LIBRARY = "libc++";
				CLANG_ENABLE_MODULES = YES;
				CLANG_ENABLE_OBJC_ARC = YES;
				CLANG_WARN_BOOL_CONVERSION = YES;
				CLANG_WARN_CONSTANT_CONVERSION = YES;
				CLANG_WARN_DIRECT_OBJC_ISA_USAGE = YES_ERROR;
				CLANG_WARN_EMPTY_BODY = YES;
				CLANG_WARN_ENUM_CONVERSION = YES;
				CLANG_WARN_INT_CONVERSION = YES;
				CLANG_WARN_OBJC_ROOT_CLASS = YES_ERROR;
				CLANG_WARN_UNREACHABLE_CODE = YES;
				CLANG_WARN__DUPLICATE_METHOD_MATCH = YES;
				"CODE_SIGN_IDENTITY[sdk=iphoneos*]" = "iPhone Developer";
				COPY_PHASE_STRIP = NO;
				DEBUG_INFORMATION_FORMAT = "dwarf-with-dsym";
				ENABLE_NS_ASSERTIONS = NO;
				ENABLE_STRICT_OBJC_MSGSEND = YES;
				GCC_C_LANGUAGE_STANDARD = gnu99;
				GCC_NO_COMMON_BLOCKS = YES;
				GCC_WARN_64_TO_32_BIT_CONVERSION = YES;
				GCC_WARN_ABOUT_RETURN_TYPE = YES_ERROR;
				GCC_WARN_UNDECLARED_SELECTOR = YES;
				GCC_WARN_UNINITIALIZED_AUTOS = YES_AGGRESSIVE;
				GCC_WARN_UNUSED_FUNCTION = YES;
				GCC_WARN_UNUSED_VARIABLE = YES;
				IPHONEOS_DEPLOYMENT_TARGET = 9.2;
				MTL_ENABLE_DEBUG_INFO = NO;
				SDKROOT = iphoneos;
				TARGETED_DEVICE_FAMILY = "1,2";
				VALIDATE_PRODUCT = YES;
			};
			name = Release;
		};
		4EB0D8AF1C579FFD00398C35 /* Debug */ = {
			isa = XCBuildConfiguration;
			buildSettings = {
				ASSETCATALOG_COMPILER_APPICON_NAME = AppIcon;
				INFOPLIST_FILE = tableView/Info.plist;
				LD_RUNPATH_SEARCH_PATHS = "$(inherited) @executable_path/Frameworks";
				PRODUCT_BUNDLE_IDENTIFIER = com.pamelapeixinho.tableView;
				PRODUCT_NAME = "$(TARGET_NAME)";
			};
			name = Debug;
		};
		4EB0D8B01C579FFD00398C35 /* Release */ = {
			isa = XCBuildConfiguration;
			buildSettings = {
				ASSETCATALOG_COMPILER_APPICON_NAME = AppIcon;
				INFOPLIST_FILE = tableView/Info.plist;
				LD_RUNPATH_SEARCH_PATHS = "$(inherited) @executable_path/Frameworks";
				PRODUCT_BUNDLE_IDENTIFIER = com.pamelapeixinho.tableView;
				PRODUCT_NAME = "$(TARGET_NAME)";
			};
			name = Release;
		};
		4EB0D8B21C579FFD00398C35 /* Debug */ = {
			isa = XCBuildConfiguration;
			buildSettings = {
				BUNDLE_LOADER = "$(TEST_HOST)";
				INFOPLIST_FILE = tableViewTests/Info.plist;
				LD_RUNPATH_SEARCH_PATHS = "$(inherited) @executable_path/Frameworks @loader_path/Frameworks";
				PRODUCT_BUNDLE_IDENTIFIER = com.pamelapeixinho.tableViewTests;
				PRODUCT_NAME = "$(TARGET_NAME)";
				TEST_HOST = "$(BUILT_PRODUCTS_DIR)/tableView.app/tableView";
			};
			name = Debug;
		};
		4EB0D8B31C579FFD00398C35 /* Release */ = {
			isa = XCBuildConfiguration;
			buildSettings = {
				BUNDLE_LOADER = "$(TEST_HOST)";
				INFOPLIST_FILE = tableViewTests/Info.plist;
				LD_RUNPATH_SEARCH_PATHS = "$(inherited) @executable_path/Frameworks @loader_path/Frameworks";
				PRODUCT_BUNDLE_IDENTIFIER = com.pamelapeixinho.tableViewTests;
				PRODUCT_NAME = "$(TARGET_NAME)";
				TEST_HOST = "$(BUILT_PRODUCTS_DIR)/tableView.app/tableView";
			};
			name = Release;
		};
		4EB0D8B51C579FFD00398C35 /* Debug */ = {
			isa = XCBuildConfiguration;
			buildSettings = {
				INFOPLIST_FILE = tableViewUITests/Info.plist;
				LD_RUNPATH_SEARCH_PATHS = "$(inherited) @executable_path/Frameworks @loader_path/Frameworks";
				PRODUCT_BUNDLE_IDENTIFIER = com.pamelapeixinho.tableViewUITests;
				PRODUCT_NAME = "$(TARGET_NAME)";
				TEST_TARGET_NAME = tableView;
				USES_XCTRUNNER = YES;
			};
			name = Debug;
		};
		4EB0D8B61C579FFD00398C35 /* Release */ = {
			isa = XCBuildConfiguration;
			buildSettings = {
				INFOPLIST_FILE = tableViewUITests/Info.plist;
				LD_RUNPATH_SEARCH_PATHS = "$(inherited) @executable_path/Frameworks @loader_path/Frameworks";
				PRODUCT_BUNDLE_IDENTIFIER = com.pamelapeixinho.tableViewUITests;
				PRODUCT_NAME = "$(TARGET_NAME)";
				TEST_TARGET_NAME = tableView;
				USES_XCTRUNNER = YES;
			};
			name = Release;
		};
/* End XCBuildConfiguration section */

/* Begin XCConfigurationList section */
		4EB0D87C1C579FFD00398C35 /* Build configuration list for PBXProject "tableView" */ = {
			isa = XCConfigurationList;
			buildConfigurations = (
				4EB0D8AC1C579FFD00398C35 /* Debug */,
				4EB0D8AD1C579FFD00398C35 /* Release */,
			);
			defaultConfigurationIsVisible = 0;
			defaultConfigurationName = Release;
		};
		4EB0D8AE1C579FFD00398C35 /* Build configuration list for PBXNativeTarget "tableView" */ = {
			isa = XCConfigurationList;
			buildConfigurations = (
				4EB0D8AF1C579FFD00398C35 /* Debug */,
				4EB0D8B01C579FFD00398C35 /* Release */,
			);
			defaultConfigurationIsVisible = 0;
			defaultConfigurationName = Release;
		};
		4EB0D8B11C579FFD00398C35 /* Build configuration list for PBXNativeTarget "tableViewTests" */ = {
			isa = XCConfigurationList;
			buildConfigurations = (
				4EB0D8B21C579FFD00398C35 /* Debug */,
				4EB0D8B31C579FFD00398C35 /* Release */,
			);
			defaultConfigurationIsVisible = 0;
			defaultConfigurationName = Release;
		};
		4EB0D8B41C579FFD00398C35 /* Build configuration list for PBXNativeTarget "tableViewUITests" */ = {
			isa = XCConfigurationList;
			buildConfigurations = (
				4EB0D8B51C579FFD00398C35 /* Debug */,
				4EB0D8B61C579FFD00398C35 /* Release */,
			);
			defaultConfigurationIsVisible = 0;
			defaultConfigurationName = Release;
		};
/* End XCConfigurationList section */
	};
	rootObject = 4EB0D8791C579FFD00398C35 /* Project object */;
}
